
Microsoft Visual Studio Solution File, Format Version 12.00
# Visual Studio Version 16
VisualStudioVersion = 25.0.1703.0
MinimumVisualStudioVersion = 10.0.40219.1
Project("{FAE04EC0-301F-11D3-BF4B-00C04F79EFBC}") = "Unzipper", "Unzipper\Unzipper.csproj", "{AA3509D9-EA27-4F16-9ACB-FF0E15F63DEC}"
EndProject
Global
	GlobalSection(SolutionConfigurationPlatforms) = preSolution
		Debug|Any CPU = Debug|Any CPU
		Release|Any CPU = Release|Any CPU
	EndGlobalSection
	GlobalSection(ProjectConfigurationPlatforms) = postSolution
		{AA3509D9-EA27-4F16-9ACB-FF0E15F63DEC}.Debug|Any CPU.ActiveCfg = Debug|Any CPU
		{AA3509D9-EA27-4F16-9ACB-FF0E15F63DEC}.Debug|Any CPU.Build.0 = Debug|Any CPU
		{AA3509D9-EA27-4F16-9ACB-FF0E15F63DEC}.Release|Any CPU.ActiveCfg = Release|Any CPU
		{AA3509D9-EA27-4F16-9ACB-FF0E15F63DEC}.Release|Any CPU.Build.0 = Release|Any CPU
	EndGlobalSection
	GlobalSection(SolutionProperties) = preSolution
		HideSolutionNode = FALSE
	EndGlobalSection
	GlobalSection(ExtensibilityGlobals) = postSolution
		SolutionGuid = {31A3F85E-3352-4879-97C0-26DC3180551C}
	EndGlobalSection
EndGlobal
